
Microsoft Visual Studio Solution File, Format Version 12.00
# Visual Studio 15
VisualStudioVersion = 15.0.27130.2036
MinimumVisualStudioVersion = 10.0.40219.1
Project("{FAE04EC0-301F-11D3-BF4B-00C04F79EFBC}") = "LinQToObjects", "LinQToObjects\LinQToObjects.csproj", "{0C042BAC-C839-4969-912D-7BAF75C2A421}"
EndProject
Global
	GlobalSection(SolutionConfigurationPlatforms) = preSolution
		Debug|Any CPU = Debug|Any CPU
		Release|Any CPU = Release|Any CPU
	EndGlobalSection
	GlobalSection(ProjectConfigurationPlatforms) = postSolution
		{0C042BAC-C839-4969-912D-7BAF75C2A421}.Debug|Any CPU.ActiveCfg = Debug|Any CPU
		{0C042BAC-C839-4969-912D-7BAF75C2A421}.Debug|Any CPU.Build.0 = Debug|Any CPU
		{0C042BAC-C839-4969-912D-7BAF75C2A421}.Release|Any CPU.ActiveCfg = Release|Any CPU
		{0C042BAC-C839-4969-912D-7BAF75C2A421}.Release|Any CPU.Build.0 = Release|Any CPU
	EndGlobalSection
	GlobalSection(SolutionProperties) = preSolution
		HideSolutionNode = FALSE
	EndGlobalSection
	GlobalSection(ExtensibilityGlobals) = postSolution
		SolutionGuid = {D9A4A35E-187F-4424-9E08-A6E17827FAE1}
	EndGlobalSection
EndGlobal
